<Solution>
  <Folder Name="/src/">
    <File Path="render.yaml" />
    <Project Path="Ecommerce.API/Ecommerce.API.csproj" />
    <Project Path="Ecommerce.Application/Ecommerce.Application.csproj" />
    <Project Path="Ecommerce.Domain/Ecommerce.Domain.csproj" />
    <Project Path="Ecommerce.Infrastructure/Ecommerce.Infrastructure.csproj" />
  </Folder>
</Solution>
